// !$*UTF8*$!
{
	archiveVersion = 1;
	classes = {
	};
	objectVersion = 46;
	objects = {

/* Begin PBXBuildFile section */
		330666F01869E07C003628C2 /* Social.framework in Frameworks */ = {isa = PBXBuildFile; fileRef = 330666EF1869E07C003628C2 /* Social.framework */; };
		330666F21869E266003628C2 /* Accounts.framework in Frameworks */ = {isa = PBXBuildFile; fileRef = 330666F11869E266003628C2 /* Accounts.framework */; };
		33996EE41868E18A0069C68F /* Foundation.framework in Frameworks */ = {isa = PBXBuildFile; fileRef = 33996EE31868E18A0069C68F /* Foundation.framework */; };
		33996EE61868E18A0069C68F /* CoreGraphics.framework in Frameworks */ = {isa = PBXBuildFile; fileRef = 33996EE51868E18A0069C68F /* CoreGraphics.framework */; };
		33996EE81868E18A0069C68F /* UIKit.framework in Frameworks */ = {isa = PBXBuildFile; fileRef = 33996EE71868E18A0069C68F /* UIKit.framework */; };
		33996EEE1868E18A0069C68F /* InfoPlist.strings in Resources */ = {isa = PBXBuildFile; fileRef = 33996EEC1868E18A0069C68F /* InfoPlist.strings */; };
		33996EF01868E18A0069C68F /* main.m in Sources */ = {isa = PBXBuildFile; fileRef = 33996EEF1868E18A0069C68F /* main.m */; };
		33996EF41868E18A0069C68F /* AppDelegate.m in Sources */ = {isa = PBXBuildFile; fileRef = 33996EF31868E18A0069C68F /* AppDelegate.m */; };
		33996EF71868E18A0069C68F /* Main.storyboard in Resources */ = {isa = PBXBuildFile; fileRef = 33996EF51868E18A0069C68F /* Main.storyboard */; };
		33996EFA1868E18A0069C68F /* ViewController.m in Sources */ = {isa = PBXBuildFile; fileRef = 33996EF91868E18A0069C68F /* ViewController.m */; };
		33996EFC1868E18A0069C68F /* Images.xcassets in Resources */ = {isa = PBXBuildFile; fileRef = 33996EFB1868E18A0069C68F /* Images.xcassets */; };
		33996F031868E18A0069C68F /* XCTest.framework in Frameworks */ = {isa = PBXBuildFile; fileRef = 33996F021868E18A0069C68F /* XCTest.framework */; };
		33996F041868E18A0069C68F /* Foundation.framework in Frameworks */ = {isa = PBXBuildFile; fileRef = 33996EE31868E18A0069C68F /* Foundation.framework */; };
		33996F051868E18A0069C68F /* UIKit.framework in Frameworks */ = {isa = PBXBuildFile; fileRef = 33996EE71868E18A0069C68F /* UIKit.framework */; };
		33996F0D1868E18A0069C68F /* InfoPlist.strings in Resources */ = {isa = PBXBuildFile; fileRef = 33996F0B1868E18A0069C68F /* InfoPlist.strings */; };
		33996F0F1868E18A0069C68F /* tweeterTests.m in Sources */ = {isa = PBXBuildFile; fileRef = 33996F0E1868E18A0069C68F /* tweeterTests.m */; };
		33B19568186CEE60008E0C5B /* CustomViewCell.m in Sources */ = {isa = PBXBuildFile; fileRef = 33B19567186CEE60008E0C5B /* CustomViewCell.m */; };
		33B1956B186D0801008E0C5B /* Tweet.m in Sources */ = {isa = PBXBuildFile; fileRef = 33B1956A186D0801008E0C5B /* Tweet.m */; };
/* End PBXBuildFile section */

/* Begin PBXContainerItemProxy section */
		33996F061868E18A0069C68F /* PBXContainerItemProxy */ = {
			isa = PBXContainerItemProxy;
			containerPortal = 33996ED81868E1890069C68F /* Project object */;
			proxyType = 1;
			remoteGlobalIDString = 33996EDF1868E18A0069C68F;
			remoteInfo = tweeter;
		};
/* End PBXContainerItemProxy section */

/* Begin PBXFileReference section */
		330666EF1869E07C003628C2 /* Social.framework */ = {isa = PBXFileReference; lastKnownFileType = wrapper.framework; name = Social.framework; path = System/Library/Frameworks/Social.framework; sourceTree = SDKROOT; };
		330666F11869E266003628C2 /* Accounts.framework */ = {isa = PBXFileReference; lastKnownFileType = wrapper.framework; name = Accounts.framework; path = System/Library/Frameworks/Accounts.framework; sourceTree = SDKROOT; };
		33996EE01868E18A0069C68F /* tweeter.app */ = {isa = PBXFileReference; explicitFileType = wrapper.application; includeInIndex = 0; path = tweeter.app; sourceTree = BUILT_PRODUCTS_DIR; };
		33996EE31868E18A0069C68F /* Foundation.framework */ = {isa = PBXFileReference; lastKnownFileType = wrapper.framework; name = Foundation.framework; path = System/Library/Frameworks/Foundation.framework; sourceTree = SDKROOT; };
		33996EE51868E18A0069C68F /* CoreGraphics.framework */ = {isa = PBXFileReference; lastKnownFileType = wrapper.framework; name = CoreGraphics.framework; path = System/Library/Frameworks/CoreGraphics.framework; sourceTree = SDKROOT; };
		33996EE71868E18A0069C68F /* UIKit.framework */ = {isa = PBXFileReference; lastKnownFileType = wrapper.framework; name = UIKit.framework; path = System/Library/Frameworks/UIKit.framework; sourceTree = SDKROOT; };
		33996EEB1868E18A0069C68F /* tweeter-Info.plist */ = {isa = PBXFileReference; lastKnownFileType = text.plist.xml; path = "tweeter-Info.plist"; sourceTree = "<group>"; };
		33996EED1868E18A0069C68F /* en */ = {isa = PBXFileReference; lastKnownFileType = text.plist.strings; name = en; path = en.lproj/InfoPlist.strings; sourceTree = "<group>"; };
		33996EEF1868E18A0069C68F /* main.m */ = {isa = PBXFileReference; lastKnownFileType = sourcecode.c.objc; path = main.m; sourceTree = "<group>"; };
		33996EF11868E18A0069C68F /* tweeter-Prefix.pch */ = {isa = PBXFileReference; lastKnownFileType = sourcecode.c.h; path = "tweeter-Prefix.pch"; sourceTree = "<group>"; };
		33996EF21868E18A0069C68F /* AppDelegate.h */ = {isa = PBXFileReference; lastKnownFileType = sourcecode.c.h; path = AppDelegate.h; sourceTree = "<group>"; };
		33996EF31868E18A0069C68F /* AppDelegate.m */ = {isa = PBXFileReference; lastKnownFileType = sourcecode.c.objc; path = AppDelegate.m; sourceTree = "<group>"; };
		33996EF61868E18A0069C68F /* Base */ = {isa = PBXFileReference; lastKnownFileType = file.storyboard; name = Base; path = Base.lproj/Main.storyboard; sourceTree = "<group>"; };
		33996EF81868E18A0069C68F /* ViewController.h */ = {isa = PBXFileReference; lastKnownFileType = sourcecode.c.h; path = ViewController.h; sourceTree = "<group>"; };
		33996EF91868E18A0069C68F /* ViewController.m */ = {isa = PBXFileReference; lastKnownFileType = sourcecode.c.objc; path = ViewController.m; sourceTree = "<group>"; };
		33996EFB1868E18A0069C68F /* Images.xcassets */ = {isa = PBXFileReference; lastKnownFileType = folder.assetcatalog; path = Images.xcassets; sourceTree = "<group>"; };
		33996F011868E18A0069C68F /* tweeterTests.xctest */ = {isa = PBXFileReference; explicitFileType = wrapper.cfbundle; includeInIndex = 0; path = tweeterTests.xctest; sourceTree = BUILT_PRODUCTS_DIR; };
		33996F021868E18A0069C68F /* XCTest.framework */ = {isa = PBXFileReference; lastKnownFileType = wrapper.framework; name = XCTest.framework; path = Library/Frameworks/XCTest.framework; sourceTree = DEVELOPER_DIR; };
		33996F0A1868E18A0069C68F /* tweeterTests-Info.plist */ = {isa = PBXFileReference; lastKnownFileType = text.plist.xml; path = "tweeterTests-Info.plist"; sourceTree = "<group>"; };
		33996F0C1868E18A0069C68F /* en */ = {isa = PBXFileReference; lastKnownFileType = text.plist.strings; name = en; path = en.lproj/InfoPlist.strings; sourceTree = "<group>"; };
		33996F0E1868E18A0069C68F /* tweeterTests.m */ = {isa = PBXFileReference; lastKnownFileType = sourcecode.c.objc; path = tweeterTests.m; sourceTree = "<group>"; };
		33B19566186CEE60008E0C5B /* CustomViewCell.h */ = {isa = PBXFileReference; fileEncoding = 4; lastKnownFileType = sourcecode.c.h; path = CustomViewCell.h; sourceTree = "<group>"; };
		33B19567186CEE60008E0C5B /* CustomViewCell.m */ = {isa = PBXFileReference; fileEncoding = 4; lastKnownFileType = sourcecode.c.objc; path = CustomViewCell.m; sourceTree = "<group>"; };
		33B19569186D0801008E0C5B /* Tweet.h */ = {isa = PBXFileReference; fileEncoding = 4; lastKnownFileType = sourcecode.c.h; path = Tweet.h; sourceTree = "<group>"; };
		33B1956A186D0801008E0C5B /* Tweet.m */ = {isa = PBXFileReference; fileEncoding = 4; lastKnownFileType = sourcecode.c.objc; path = Tweet.m; sourceTree = "<group>"; };
/* End PBXFileReference section */

/* Begin PBXFrameworksBuildPhase section */
		33996EDD1868E18A0069C68F /* Frameworks */ = {
			isa = PBXFrameworksBuildPhase;
			buildActionMask = 2147483647;
			files = (
				330666F21869E266003628C2 /* Accounts.framework in Frameworks */,
				330666F01869E07C003628C2 /* Social.framework in Frameworks */,
				33996EE61868E18A0069C68F /* CoreGraphics.framework in Frameworks */,
				33996EE81868E18A0069C68F /* UIKit.framework in Frameworks */,
				33996EE41868E18A0069C68F /* Foundation.framework in Frameworks */,
			);
			runOnlyForDeploymentPostprocessing = 0;
		};
		33996EFE1868E18A0069C68F /* Frameworks */ = {
			isa = PBXFrameworksBuildPhase;
			buildActionMask = 2147483647;
			files = (
				33996F031868E18A0069C68F /* XCTest.framework in Frameworks */,
				33996F051868E18A0069C68F /* UIKit.framework in Frameworks */,
				33996F041868E18A0069C68F /* Foundation.framework in Frameworks */,
			);
			runOnlyForDeploymentPostprocessing = 0;
		};
/* End PBXFrameworksBuildPhase section */

/* Begin PBXGroup section */
		33996ED71868E1890069C68F = {
			isa = PBXGroup;
			children = (
				33996EE91868E18A0069C68F /* tweeter */,
				33996F081868E18A0069C68F /* tweeterTests */,
				33996EE21868E18A0069C68F /* Frameworks */,
				33996EE11868E18A0069C68F /* Products */,
			);
			sourceTree = "<group>";
		};
		33996EE11868E18A0069C68F /* Products */ = {
			isa = PBXGroup;
			children = (
				33996EE01868E18A0069C68F /* tweeter.app */,
				33996F011868E18A0069C68F /* tweeterTests.xctest */,
			);
			name = Products;
			sourceTree = "<group>";
		};
		33996EE21868E18A0069C68F /* Frameworks */ = {
			isa = PBXGroup;
			children = (
				330666F11869E266003628C2 /* Accounts.framework */,
				330666EF1869E07C003628C2 /* Social.framework */,
				33996EE31868E18A0069C68F /* Foundation.framework */,
				33996EE51868E18A0069C68F /* CoreGraphics.framework */,
				33996EE71868E18A0069C68F /* UIKit.framework */,
				33996F021868E18A0069C68F /* XCTest.framework */,
			);
			name = Frameworks;
			sourceTree = "<group>";
		};
		33996EE91868E18A0069C68F /* tweeter */ = {
			isa = PBXGroup;
			children = (
				33B19566186CEE60008E0C5B /* CustomViewCell.h */,
				33B19567186CEE60008E0C5B /* CustomViewCell.m */,
				33996EF21868E18A0069C68F /* AppDelegate.h */,
				33996EF31868E18A0069C68F /* AppDelegate.m */,
				33996EF51868E18A0069C68F /* Main.storyboard */,
				33996EF81868E18A0069C68F /* ViewController.h */,
				33996EF91868E18A0069C68F /* ViewController.m */,
				33B19569186D0801008E0C5B /* Tweet.h */,
				33B1956A186D0801008E0C5B /* Tweet.m */,
				33996EFB1868E18A0069C68F /* Images.xcassets */,
				33996EEA1868E18A0069C68F /* Supporting Files */,
			);
			path = tweeter;
			sourceTree = "<group>";
		};
		33996EEA1868E18A0069C68F /* Supporting Files */ = {
			isa = PBXGroup;
			children = (
				33996EEB1868E18A0069C68F /* tweeter-Info.plist */,
				33996EEC1868E18A0069C68F /* InfoPlist.strings */,
				33996EEF1868E18A0069C68F /* main.m */,
				33996EF11868E18A0069C68F /* tweeter-Prefix.pch */,
			);
			name = "Supporting Files";
			sourceTree = "<group>";
		};
		33996F081868E18A0069C68F /* tweeterTests */ = {
			isa = PBXGroup;
			children = (
				33996F0E1868E18A0069C68F /* tweeterTests.m */,
				33996F091868E18A0069C68F /* Supporting Files */,
			);
			path = tweeterTests;
			sourceTree = "<group>";
		};
		33996F091868E18A0069C68F /* Supporting Files */ = {
			isa = PBXGroup;
			children = (
				33996F0A1868E18A0069C68F /* tweeterTests-Info.plist */,
				33996F0B1868E18A0069C68F /* InfoPlist.strings */,
			);
			name = "Supporting Files";
			sourceTree = "<group>";
		};
/* End PBXGroup section */

/* Begin PBXNativeTarget section */
		33996EDF1868E18A0069C68F /* tweeter */ = {
			isa = PBXNativeTarget;
			buildConfigurationList = 33996F121868E18A0069C68F /* Build configuration list for PBXNativeTarget "tweeter" */;
			buildPhases = (
				33996EDC1868E18A0069C68F /* Sources */,
				33996EDD1868E18A0069C68F /* Frameworks */,
				33996EDE1868E18A0069C68F /* Resources */,
			);
			buildRules = (
			);
			dependencies = (
			);
			name = tweeter;
			productName = tweeter;
			productReference = 33996EE01868E18A0069C68F /* tweeter.app */;
			productType = "com.apple.product-type.application";
		};
		33996F001868E18A0069C68F /* tweeterTests */ = {
			isa = PBXNativeTarget;
			buildConfigurationList = 33996F151868E18A0069C68F /* Build configuration list for PBXNativeTarget "tweeterTests" */;
			buildPhases = (
				33996EFD1868E18A0069C68F /* Sources */,
				33996EFE1868E18A0069C68F /* Frameworks */,
				33996EFF1868E18A0069C68F /* Resources */,
			);
			buildRules = (
			);
			dependencies = (
				33996F071868E18A0069C68F /* PBXTargetDependency */,
			);
			name = tweeterTests;
			productName = tweeterTests;
			productReference = 33996F011868E18A0069C68F /* tweeterTests.xctest */;
			productType = "com.apple.product-type.bundle.unit-test";
		};
/* End PBXNativeTarget section */

/* Begin PBXProject section */
		33996ED81868E1890069C68F /* Project object */ = {
			isa = PBXProject;
			attributes = {
				LastUpgradeCheck = 0500;
				ORGANIZATIONNAME = "Todd Munnik";
				TargetAttributes = {
					33996F001868E18A0069C68F = {
						TestTargetID = 33996EDF1868E18A0069C68F;
					};
				};
			};
			buildConfigurationList = 33996EDB1868E1890069C68F /* Build configuration list for PBXProject "tweeter" */;
			compatibilityVersion = "Xcode 3.2";
			developmentRegion = English;
			hasScannedForEncodings = 0;
			knownRegions = (
				en,
				Base,
			);
			mainGroup = 33996ED71868E1890069C68F;
			productRefGroup = 33996EE11868E18A0069C68F /* Products */;
			projectDirPath = "";
			projectRoot = "";
			targets = (
				33996EDF1868E18A0069C68F /* tweeter */,
				33996F001868E18A0069C68F /* tweeterTests */,
			);
		};
/* End PBXProject section */

/* Begin PBXResourcesBuildPhase section */
		33996EDE1868E18A0069C68F /* Resources */ = {
			isa = PBXResourcesBuildPhase;
			buildActionMask = 2147483647;
			files = (
				33996EFC1868E18A0069C68F /* Images.xcassets in Resources */,
				33996EEE1868E18A0069C68F /* InfoPlist.strings in Resources */,
				33996EF71868E18A0069C68F /* Main.storyboard in Resources */,
			);
			runOnlyForDeploymentPostprocessing = 0;
		};
		33996EFF1868E18A0069C68F /* Resources */ = {
			isa = PBXResourcesBuildPhase;
			buildActionMask = 2147483647;
			files = (
				33996F0D1868E18A0069C68F /* InfoPlist.strings in Resources */,
			);
			runOnlyForDeploymentPostprocessing = 0;
		};
/* End PBXResourcesBuildPhase section */

/* Begin PBXSourcesBuildPhase section */
		33996EDC1868E18A0069C68F /* Sources */ = {
			isa = PBXSourcesBuildPhase;
			buildActionMask = 2147483647;
			files = (
				33996EFA1868E18A0069C68F /* ViewController.m in Sources */,
				33B19568186CEE60008E0C5B /* CustomViewCell.m in Sources */,
				33B1956B186D0801008E0C5B /* Tweet.m in Sources */,
				33996EF41868E18A0069C68F /* AppDelegate.m in Sources */,
				33996EF01868E18A0069C68F /* main.m in Sources */,
			);
			runOnlyForDeploymentPostprocessing = 0;
		};
		33996EFD1868E18A0069C68F /* Sources */ = {
			isa = PBXSourcesBuildPhase;
			buildActionMask = 2147483647;
			files = (
				33996F0F1868E18A0069C68F /* tweeterTests.m in Sources */,
			);
			runOnlyForDeploymentPostprocessing = 0;
		};
/* End PBXSourcesBuildPhase section */

/* Begin PBXTargetDependency section */
		33996F071868E18A0069C68F /* PBXTargetDependency */ = {
			isa = PBXTargetDependency;
			target = 33996EDF1868E18A0069C68F /* tweeter */;
			targetProxy = 33996F061868E18A0069C68F /* PBXContainerItemProxy */;
		};
/* End PBXTargetDependency section */

/* Begin PBXVariantGroup section */
		33996EEC1868E18A0069C68F /* InfoPlist.strings */ = {
			isa = PBXVariantGroup;
			children = (
				33996EED1868E18A0069C68F /* en */,
			);
			name = InfoPlist.strings;
			sourceTree = "<group>";
		};
		33996EF51868E18A0069C68F /* Main.storyboard */ = {
			isa = PBXVariantGroup;
			children = (
				33996EF61868E18A0069C68F /* Base */,
			);
			name = Main.storyboard;
			sourceTree = "<group>";
		};
		33996F0B1868E18A0069C68F /* InfoPlist.strings */ = {
			isa = PBXVariantGroup;
			children = (
				33996F0C1868E18A0069C68F /* en */,
			);
			name = InfoPlist.strings;
			sourceTree = "<group>";
		};
/* End PBXVariantGroup section */

/* Begin XCBuildConfiguration section */
		33996F101868E18A0069C68F /* Debug */ = {
			isa = XCBuildConfiguration;
			buildSettings = {
				ALWAYS_SEARCH_USER_PATHS = NO;
				ARCHS = "$(ARCHS_STANDARD_INCLUDING_64_BIT)";
				CLANG_CXX_LANGUAGE_STANDARD = "gnu++0x";
				CLANG_CXX_LIBRARY = "libc++";
				CLANG_ENABLE_MODULES = YES;
				CLANG_ENABLE_OBJC_ARC = YES;
				CLANG_WARN_BOOL_CONVERSION = YES;
				CLANG_WARN_CONSTANT_CONVERSION = YES;
				CLANG_WARN_DIRECT_OBJC_ISA_USAGE = YES_ERROR;
				CLANG_WARN_EMPTY_BODY = YES;
				CLANG_WARN_ENUM_CONVERSION = YES;
				CLANG_WARN_INT_CONVERSION = YES;
				CLANG_WARN_OBJC_ROOT_CLASS = YES_ERROR;
				CLANG_WARN__DUPLICATE_METHOD_MATCH = YES;
				"CODE_SIGN_IDENTITY[sdk=iphoneos*]" = "iPhone Developer";
				COPY_PHASE_STRIP = NO;
				GCC_C_LANGUAGE_STANDARD = gnu99;
				GCC_DYNAMIC_NO_PIC = NO;
				GCC_OPTIMIZATION_LEVEL = 0;
				GCC_PREPROCESSOR_DEFINITIONS = (
					"DEBUG=1",
					"$(inherited)",
				);
				GCC_SYMBOLS_PRIVATE_EXTERN = NO;
				GCC_WARN_64_TO_32_BIT_CONVERSION = YES;
				GCC_WARN_ABOUT_RETURN_TYPE = YES_ERROR;
				GCC_WARN_UNDECLARED_SELECTOR = YES;
				GCC_WARN_UNINITIALIZED_AUTOS = YES;
				GCC_WARN_UNUSED_FUNCTION = YES;
				GCC_WARN_UNUSED_VARIABLE = YES;
				IPHONEOS_DEPLOYMENT_TARGET = 7.0;
				ONLY_ACTIVE_ARCH = YES;
				SDKROOT = iphoneos;
			};
			name = Debug;
		};
		33996F111868E18A0069C68F /* Release */ = {
			isa = XCBuildConfiguration;
			buildSettings = {
				ALWAYS_SEARCH_USER_PATHS = NO;
				ARCHS = "$(ARCHS_STANDARD_INCLUDING_64_BIT)";
				CLANG_CXX_LANGUAGE_STANDARD = "gnu++0x";
				CLANG_CXX_LIBRARY = "libc++";
				CLANG_ENABLE_MODULES = YES;
				CLANG_ENABLE_OBJC_ARC = YES;
				CLANG_WARN_BOOL_CONVERSION = YES;
				CLANG_WARN_CONSTANT_CONVERSION = YES;
				CLANG_WARN_DIRECT_OBJC_ISA_USAGE = YES_ERROR;
				CLANG_WARN_EMPTY_BODY = YES;
				CLANG_WARN_ENUM_CONVERSION = YES;
				CLANG_WARN_INT_CONVERSION = YES;
				CLANG_WARN_OBJC_ROOT_CLASS = YES_ERROR;
				CLANG_WARN__DUPLICATE_METHOD_MATCH = YES;
				"CODE_SIGN_IDENTITY[sdk=iphoneos*]" = "iPhone Developer";
				COPY_PHASE_STRIP = YES;
				ENABLE_NS_ASSERTIONS = NO;
				GCC_C_LANGUAGE_STANDARD = gnu99;
				GCC_WARN_64_TO_32_BIT_CONVERSION = YES;
				GCC_WARN_ABOUT_RETURN_TYPE = YES_ERROR;
				GCC_WARN_UNDECLARED_SELECTOR = YES;
				GCC_WARN_UNINITIALIZED_AUTOS = YES;
				GCC_WARN_UNUSED_FUNCTION = YES;
				GCC_WARN_UNUSED_VARIABLE = YES;
				IPHONEOS_DEPLOYMENT_TARGET = 7.0;
				SDKROOT = iphoneos;
				VALIDATE_PRODUCT = YES;
			};
			name = Release;
		};
		33996F131868E18A0069C68F /* Debug */ = {
			isa = XCBuildConfiguration;
			buildSettings = {
				ASSETCATALOG_COMPILER_APPICON_NAME = AppIcon;
				ASSETCATALOG_COMPILER_LAUNCHIMAGE_NAME = LaunchImage;
				GCC_PRECOMPILE_PREFIX_HEADER = YES;
				GCC_PREFIX_HEADER = "tweeter/tweeter-Prefix.pch";
				INFOPLIST_FILE = "tweeter/tweeter-Info.plist";
				PRODUCT_NAME = "$(TARGET_NAME)";
				WRAPPER_EXTENSION = app;
			};
			name = Debug;
		};
		33996F141868E18A0069C68F /* Release */ = {
			isa = XCBuildConfiguration;
			buildSettings = {
				ASSETCATALOG_COMPILER_APPICON_NAME = AppIcon;
				ASSETCATALOG_COMPILER_LAUNCHIMAGE_NAME = LaunchImage;
				GCC_PRECOMPILE_PREFIX_HEADER = YES;
				GCC_PREFIX_HEADER = "tweeter/tweeter-Prefix.pch";
				INFOPLIST_FILE = "tweeter/tweeter-Info.plist";
				PRODUCT_NAME = "$(TARGET_NAME)";
				WRAPPER_EXTENSION = app;
			};
			name = Release;
		};
		33996F161868E18A0069C68F /* Debug */ = {
			isa = XCBuildConfiguration;
			buildSettings = {
				ARCHS = "$(ARCHS_STANDARD_INCLUDING_64_BIT)";
				BUNDLE_LOADER = "$(BUILT_PRODUCTS_DIR)/tweeter.app/tweeter";
				FRAMEWORK_SEARCH_PATHS = (
					"$(SDKROOT)/Developer/Library/Frameworks",
					"$(inherited)",
					"$(DEVELOPER_FRAMEWORKS_DIR)",
				);
				GCC_PRECOMPILE_PREFIX_HEADER = YES;
				GCC_PREFIX_HEADER = "tweeter/tweeter-Prefix.pch";
				GCC_PREPROCESSOR_DEFINITIONS = (
					"DEBUG=1",
					"$(inherited)",
				);
				INFOPLIST_FILE = "tweeterTests/tweeterTests-Info.plist";
				PRODUCT_NAME = "$(TARGET_NAME)";
				TEST_HOST = "$(BUNDLE_LOADER)";
				WRAPPER_EXTENSION = xctest;
			};
			name = Debug;
		};
		33996F171868E18A0069C68F /* Release */ = {
			isa = XCBuildConfiguration;
			buildSettings = {
				ARCHS = "$(ARCHS_STANDARD_INCLUDING_64_BIT)";
				BUNDLE_LOADER = "$(BUILT_PRODUCTS_DIR)/tweeter.app/tweeter";
				FRAMEWORK_SEARCH_PATHS = (
					"$(SDKROOT)/Developer/Library/Frameworks",
					"$(inherited)",
					"$(DEVELOPER_FRAMEWORKS_DIR)",
				);
				GCC_PRECOMPILE_PREFIX_HEADER = YES;
				GCC_PREFIX_HEADER = "tweeter/tweeter-Prefix.pch";
				INFOPLIST_FILE = "tweeterTests/tweeterTests-Info.plist";
				PRODUCT_NAME = "$(TARGET_NAME)";
				TEST_HOST = "$(BUNDLE_LOADER)";
				WRAPPER_EXTENSION = xctest;
			};
			name = Release;
		};
/* End XCBuildConfiguration section */

/* Begin XCConfigurationList section */
		33996EDB1868E1890069C68F /* Build configuration list for PBXProject "tweeter" */ = {
			isa = XCConfigurationList;
			buildConfigurations = (
				33996F101868E18A0069C68F /* Debug */,
				33996F111868E18A0069C68F /* Release */,
			);
			defaultConfigurationIsVisible = 0;
			defaultConfigurationName = Release;
		};
		33996F121868E18A0069C68F /* Build configuration list for PBXNativeTarget "tweeter" */ = {
			isa = XCConfigurationList;
			buildConfigurations = (
				33996F131868E18A0069C68F /* Debug */,
				33996F141868E18A0069C68F /* Release */,
			);
			defaultConfigurationIsVisible = 0;
			defaultConfigurationName = Release;
		};
		33996F151868E18A0069C68F /* Build configuration list for PBXNativeTarget "tweeterTests" */ = {
			isa = XCConfigurationList;
			buildConfigurations = (
				33996F161868E18A0069C68F /* Debug */,
				33996F171868E18A0069C68F /* Release */,
			);
			defaultConfigurationIsVisible = 0;
			defaultConfigurationName = Release;
		};
/* End XCConfigurationList section */
	};
	rootObject = 33996ED81868E1890069C68F /* Project object */;
}
